// !$*UTF8*$!
{
	archiveVersion = 1;
	classes = {
	};
	objectVersion = 50;
	objects = {

/* Begin PBXBuildFile section */
		900918412350AE3800D32725 /* AppDelegate.swift in Sources */ = {isa = PBXBuildFile; fileRef = 900918402350AE3800D32725 /* AppDelegate.swift */; };
		900918432350AE3800D32725 /* SceneDelegate.swift in Sources */ = {isa = PBXBuildFile; fileRef = 900918422350AE3800D32725 /* SceneDelegate.swift */; };
		900918452350AE3800D32725 /* ViewController.swift in Sources */ = {isa = PBXBuildFile; fileRef = 900918442350AE3800D32725 /* ViewController.swift */; };
		900918482350AE3800D32725 /* Main.storyboard in Resources */ = {isa = PBXBuildFile; fileRef = 900918462350AE3800D32725 /* Main.storyboard */; };
		9009184A2350AE3A00D32725 /* Assets.xcassets in Resources */ = {isa = PBXBuildFile; fileRef = 900918492350AE3A00D32725 /* Assets.xcassets */; };
		9009184D2350AE3A00D32725 /* LaunchScreen.storyboard in Resources */ = {isa = PBXBuildFile; fileRef = 9009184B2350AE3A00D32725 /* LaunchScreen.storyboard */; };
		90249895235497E100021673 /* ExplosaoViewController.swift in Sources */ = {isa = PBXBuildFile; fileRef = 90249894235497E100021673 /* ExplosaoViewController.swift */; };
/* End PBXBuildFile section */

/* Begin PBXFileReference section */
		9009183D2350AE3800D32725 /* CursoDevIOSUdemy.app */ = {isa = PBXFileReference; explicitFileType = wrapper.application; includeInIndex = 0; path = CursoDevIOSUdemy.app; sourceTree = BUILT_PRODUCTS_DIR; };
		900918402350AE3800D32725 /* AppDelegate.swift */ = {isa = PBXFileReference; lastKnownFileType = sourcecode.swift; path = AppDelegate.swift; sourceTree = "<group>"; };
		900918422350AE3800D32725 /* SceneDelegate.swift */ = {isa = PBXFileReference; lastKnownFileType = sourcecode.swift; path = SceneDelegate.swift; sourceTree = "<group>"; };
		900918442350AE3800D32725 /* ViewController.swift */ = {isa = PBXFileReference; lastKnownFileType = sourcecode.swift; path = ViewController.swift; sourceTree = "<group>"; };
		900918472350AE3800D32725 /* Base */ = {isa = PBXFileReference; lastKnownFileType = file.storyboard; name = Base; path = Base.lproj/Main.storyboard; sourceTree = "<group>"; };
		900918492350AE3A00D32725 /* Assets.xcassets */ = {isa = PBXFileReference; lastKnownFileType = folder.assetcatalog; path = Assets.xcassets; sourceTree = "<group>"; };
		9009184C2350AE3A00D32725 /* Base */ = {isa = PBXFileReference; lastKnownFileType = file.storyboard; name = Base; path = Base.lproj/LaunchScreen.storyboard; sourceTree = "<group>"; };
		9009184E2350AE3A00D32725 /* Info.plist */ = {isa = PBXFileReference; lastKnownFileType = text.plist.xml; path = Info.plist; sourceTree = "<group>"; };
		90249894235497E100021673 /* ExplosaoViewController.swift */ = {isa = PBXFileReference; lastKnownFileType = sourcecode.swift; path = ExplosaoViewController.swift; sourceTree = "<group>"; };
/* End PBXFileReference section */

/* Begin PBXFrameworksBuildPhase section */
		9009183A2350AE3800D32725 /* Frameworks */ = {
			isa = PBXFrameworksBuildPhase;
			buildActionMask = 2147483647;
			files = (
			);
			runOnlyForDeploymentPostprocessing = 0;
		};
/* End PBXFrameworksBuildPhase section */

/* Begin PBXGroup section */
		900918342350AE3800D32725 = {
			isa = PBXGroup;
			children = (
				9009183F2350AE3800D32725 /* CursoDevIOSUdemy */,
				9009183E2350AE3800D32725 /* Products */,
			);
			sourceTree = "<group>";
		};
		9009183E2350AE3800D32725 /* Products */ = {
			isa = PBXGroup;
			children = (
				9009183D2350AE3800D32725 /* CursoDevIOSUdemy.app */,
			);
			name = Products;
			sourceTree = "<group>";
		};
		9009183F2350AE3800D32725 /* CursoDevIOSUdemy */ = {
			isa = PBXGroup;
			children = (
				900918402350AE3800D32725 /* AppDelegate.swift */,
				900918422350AE3800D32725 /* SceneDelegate.swift */,
				900918442350AE3800D32725 /* ViewController.swift */,
				900918462350AE3800D32725 /* Main.storyboard */,
				900918492350AE3A00D32725 /* Assets.xcassets */,
				9009184B2350AE3A00D32725 /* LaunchScreen.storyboard */,
				9009184E2350AE3A00D32725 /* Info.plist */,
				90249894235497E100021673 /* ExplosaoViewController.swift */,
			);
			path = CursoDevIOSUdemy;
			sourceTree = "<group>";
		};
/* End PBXGroup section */

/* Begin PBXNativeTarget section */
		9009183C2350AE3800D32725 /* CursoDevIOSUdemy */ = {
			isa = PBXNativeTarget;
			buildConfigurationList = 900918512350AE3A00D32725 /* Build configuration list for PBXNativeTarget "CursoDevIOSUdemy" */;
			buildPhases = (
				900918392350AE3800D32725 /* Sources */,
				9009183A2350AE3800D32725 /* Frameworks */,
				9009183B2350AE3800D32725 /* Resources */,
			);
			buildRules = (
			);
			dependencies = (
			);
			name = CursoDevIOSUdemy;
			productName = CursoDevIOSUdemy;
			productReference = 9009183D2350AE3800D32725 /* CursoDevIOSUdemy.app */;
			productType = "com.apple.product-type.application";
		};
/* End PBXNativeTarget section */

/* Begin PBXProject section */
		900918352350AE3800D32725 /* Project object */ = {
			isa = PBXProject;
			attributes = {
				LastSwiftUpdateCheck = 1100;
				LastUpgradeCheck = 1100;
				ORGANIZATIONNAME = "Pedro Moura";
				TargetAttributes = {
					9009183C2350AE3800D32725 = {
						CreatedOnToolsVersion = 11.0;
					};
				};
			};
			buildConfigurationList = 900918382350AE3800D32725 /* Build configuration list for PBXProject "CursoDevIOSUdemy" */;
			compatibilityVersion = "Xcode 9.3";
			developmentRegion = en;
			hasScannedForEncodings = 0;
			knownRegions = (
				en,
				Base,
			);
			mainGroup = 900918342350AE3800D32725;
			productRefGroup = 9009183E2350AE3800D32725 /* Products */;
			projectDirPath = "";
			projectRoot = "";
			targets = (
				9009183C2350AE3800D32725 /* CursoDevIOSUdemy */,
			);
		};
/* End PBXProject section */

/* Begin PBXResourcesBuildPhase section */
		9009183B2350AE3800D32725 /* Resources */ = {
			isa = PBXResourcesBuildPhase;
			buildActionMask = 2147483647;
			files = (
				9009184D2350AE3A00D32725 /* LaunchScreen.storyboard in Resources */,
				9009184A2350AE3A00D32725 /* Assets.xcassets in Resources */,
				900918482350AE3800D32725 /* Main.storyboard in Resources */,
			);
			runOnlyForDeploymentPostprocessing = 0;
		};
/* End PBXResourcesBuildPhase section */

/* Begin PBXSourcesBuildPhase section */
		900918392350AE3800D32725 /* Sources */ = {
			isa = PBXSourcesBuildPhase;
			buildActionMask = 2147483647;
			files = (
				900918452350AE3800D32725 /* ViewController.swift in Sources */,
				90249895235497E100021673 /* ExplosaoViewController.swift in Sources */,
				900918412350AE3800D32725 /* AppDelegate.swift in Sources */,
				900918432350AE3800D32725 /* SceneDelegate.swift in Sources */,
			);
			runOnlyForDeploymentPostprocessing = 0;
		};
/* End PBXSourcesBuildPhase section */

/* Begin PBXVariantGroup section */
		900918462350AE3800D32725 /* Main.storyboard */ = {
			isa = PBXVariantGroup;
			children = (
				900918472350AE3800D32725 /* Base */,
			);
			name = Main.storyboard;
			sourceTree = "<group>";
		};
		9009184B2350AE3A00D32725 /* LaunchScreen.storyboard */ = {
			isa = PBXVariantGroup;
			children = (
				9009184C2350AE3A00D32725 /* Base */,
			);
			name = LaunchScreen.storyboard;
			sourceTree = "<group>";
		};
/* End PBXVariantGroup section */

/* Begin XCBuildConfiguration section */
		9009184F2350AE3A00D32725 /* Debug */ = {
			isa = XCBuildConfiguration;
			buildSettings = {
				ALWAYS_SEARCH_USER_PATHS = NO;
				CLANG_ANALYZER_NONNULL = YES;
				CLANG_ANALYZER_NUMBER_OBJECT_CONVERSION = YES_AGGRESSIVE;
				CLANG_CXX_LANGUAGE_STANDARD = "gnu++14";
				CLANG_CXX_LIBRARY = "libc++";
				CLANG_ENABLE_MODULES = YES;
				CLANG_ENABLE_OBJC_ARC = YES;
				CLANG_ENABLE_OBJC_WEAK = YES;
				CLANG_WARN_BLOCK_CAPTURE_AUTORELEASING = YES;
				CLANG_WARN_BOOL_CONVERSION = YES;
				CLANG_WARN_COMMA = YES;
				CLANG_WARN_CONSTANT_CONVERSION = YES;
				CLANG_WARN_DEPRECATED_OBJC_IMPLEMENTATIONS = YES;
				CLANG_WARN_DIRECT_OBJC_ISA_USAGE = YES_ERROR;
				CLANG_WARN_DOCUMENTATION_COMMENTS = YES;
				CLANG_WARN_EMPTY_BODY = YES;
				CLANG_WARN_ENUM_CONVERSION = YES;
				CLANG_WARN_INFINITE_RECURSION = YES;
				CLANG_WARN_INT_CONVERSION = YES;
				CLANG_WARN_NON_LITERAL_NULL_CONVERSION = YES;
				CLANG_WARN_OBJC_IMPLICIT_RETAIN_SELF = YES;
				CLANG_WARN_OBJC_LITERAL_CONVERSION = YES;
				CLANG_WARN_OBJC_ROOT_CLASS = YES_ERROR;
				CLANG_WARN_RANGE_LOOP_ANALYSIS = YES;
				CLANG_WARN_STRICT_PROTOTYPES = YES;
				CLANG_WARN_SUSPICIOUS_MOVE = YES;
				CLANG_WARN_UNGUARDED_AVAILABILITY = YES_AGGRESSIVE;
				CLANG_WARN_UNREACHABLE_CODE = YES;
				CLANG_WARN__DUPLICATE_METHOD_MATCH = YES;
				COPY_PHASE_STRIP = NO;
				DEBUG_INFORMATION_FORMAT = dwarf;
				ENABLE_STRICT_OBJC_MSGSEND = YES;
				ENABLE_TESTABILITY = YES;
				GCC_C_LANGUAGE_STANDARD = gnu11;
				GCC_DYNAMIC_NO_PIC = NO;
				GCC_NO_COMMON_BLOCKS = YES;
				GCC_OPTIMIZATION_LEVEL = 0;
				GCC_PREPROCESSOR_DEFINITIONS = (
					"DEBUG=1",
					"$(inherited)",
				);
				GCC_WARN_64_TO_32_BIT_CONVERSION = YES;
				GCC_WARN_ABOUT_RETURN_TYPE = YES_ERROR;
				GCC_WARN_UNDECLARED_SELECTOR = YES;
				GCC_WARN_UNINITIALIZED_AUTOS = YES_AGGRESSIVE;
				GCC_WARN_UNUSED_FUNCTION = YES;
				GCC_WARN_UNUSED_VARIABLE = YES;
				IPHONEOS_DEPLOYMENT_TARGET = 13.0;
				MTL_ENABLE_DEBUG_INFO = INCLUDE_SOURCE;
				MTL_FAST_MATH = YES;
				ONLY_ACTIVE_ARCH = YES;
				SDKROOT = iphoneos;
				SWIFT_ACTIVE_COMPILATION_CONDITIONS = DEBUG;
				SWIFT_OPTIMIZATION_LEVEL = "-Onone";
			};
			name = Debug;
		};
		900918502350AE3A00D32725 /* Release */ = {
			isa = XCBuildConfiguration;
			buildSettings = {
				ALWAYS_SEARCH_USER_PATHS = NO;
				CLANG_ANALYZER_NONNULL = YES;
				CLANG_ANALYZER_NUMBER_OBJECT_CONVERSION = YES_AGGRESSIVE;
				CLANG_CXX_LANGUAGE_STANDARD = "gnu++14";
				CLANG_CXX_LIBRARY = "libc++";
				CLANG_ENABLE_MODULES = YES;
				CLANG_ENABLE_OBJC_ARC = YES;
				CLANG_ENABLE_OBJC_WEAK = YES;
				CLANG_WARN_BLOCK_CAPTURE_AUTORELEASING = YES;
				CLANG_WARN_BOOL_CONVERSION = YES;
				CLANG_WARN_COMMA = YES;
				CLANG_WARN_CONSTANT_CONVERSION = YES;
				CLANG_WARN_DEPRECATED_OBJC_IMPLEMENTATIONS = YES;
				CLANG_WARN_DIRECT_OBJC_ISA_USAGE = YES_ERROR;
				CLANG_WARN_DOCUMENTATION_COMMENTS = YES;
				CLANG_WARN_EMPTY_BODY = YES;
				CLANG_WARN_ENUM_CONVERSION = YES;
				CLANG_WARN_INFINITE_RECURSION = YES;
				CLANG_WARN_INT_CONVERSION = YES;
				CLANG_WARN_NON_LITERAL_NULL_CONVERSION = YES;
				CLANG_WARN_OBJC_IMPLICIT_RETAIN_SELF = YES;
				CLANG_WARN_OBJC_LITERAL_CONVERSION = YES;
				CLANG_WARN_OBJC_ROOT_CLASS = YES_ERROR;
				CLANG_WARN_RANGE_LOOP_ANALYSIS = YES;
				CLANG_WARN_STRICT_PROTOTYPES = YES;
				CLANG_WARN_SUSPICIOUS_MOVE = YES;
				CLANG_WARN_UNGUARDED_AVAILABILITY = YES_AGGRESSIVE;
				CLANG_WARN_UNREACHABLE_CODE = YES;
				CLANG_WARN__DUPLICATE_METHOD_MATCH = YES;
				COPY_PHASE_STRIP = NO;
				DEBUG_INFORMATION_FORMAT = "dwarf-with-dsym";
				ENABLE_NS_ASSERTIONS = NO;
				ENABLE_STRICT_OBJC_MSGSEND = YES;
				GCC_C_LANGUAGE_STANDARD = gnu11;
				GCC_NO_COMMON_BLOCKS = YES;
				GCC_WARN_64_TO_32_BIT_CONVERSION = YES;
				GCC_WARN_ABOUT_RETURN_TYPE = YES_ERROR;
				GCC_WARN_UNDECLARED_SELECTOR = YES;
				GCC_WARN_UNINITIALIZED_AUTOS = YES_AGGRESSIVE;
				GCC_WARN_UNUSED_FUNCTION = YES;
				GCC_WARN_UNUSED_VARIABLE = YES;
				IPHONEOS_DEPLOYMENT_TARGET = 13.0;
				MTL_ENABLE_DEBUG_INFO = NO;
				MTL_FAST_MATH = YES;
				SDKROOT = iphoneos;
				SWIFT_COMPILATION_MODE = wholemodule;
				SWIFT_OPTIMIZATION_LEVEL = "-O";
				VALIDATE_PRODUCT = YES;
			};
			name = Release;
		};
		900918522350AE3A00D32725 /* Debug */ = {
			isa = XCBuildConfiguration;
			buildSettings = {
				ASSETCATALOG_COMPILER_APPICON_NAME = AppIcon;
				CODE_SIGN_STYLE = Automatic;
				INFOPLIST_FILE = CursoDevIOSUdemy/Info.plist;
				LD_RUNPATH_SEARCH_PATHS = (
					"$(inherited)",
					"@executable_path/Frameworks",
				);
				PRODUCT_BUNDLE_IDENTIFIER = br.com.pedrohenriquemoura.CursoDevIOSUdemy;
				PRODUCT_NAME = "$(TARGET_NAME)";
				SWIFT_VERSION = 5.0;
				TARGETED_DEVICE_FAMILY = "1,2";
			};
			name = Debug;
		};
		900918532350AE3A00D32725 /* Release */ = {
			isa = XCBuildConfiguration;
			buildSettings = {
				ASSETCATALOG_COMPILER_APPICON_NAME = AppIcon;
				CODE_SIGN_STYLE = Automatic;
				INFOPLIST_FILE = CursoDevIOSUdemy/Info.plist;
				LD_RUNPATH_SEARCH_PATHS = (
					"$(inherited)",
					"@executable_path/Frameworks",
				);
				PRODUCT_BUNDLE_IDENTIFIER = br.com.pedrohenriquemoura.CursoDevIOSUdemy;
				PRODUCT_NAME = "$(TARGET_NAME)";
				SWIFT_VERSION = 5.0;
				TARGETED_DEVICE_FAMILY = "1,2";
			};
			name = Release;
		};
/* End XCBuildConfiguration section */

/* Begin XCConfigurationList section */
		900918382350AE3800D32725 /* Build configuration list for PBXProject "CursoDevIOSUdemy" */ = {
			isa = XCConfigurationList;
			buildConfigurations = (
				9009184F2350AE3A00D32725 /* Debug */,
				900918502350AE3A00D32725 /* Release */,
			);
			defaultConfigurationIsVisible = 0;
			defaultConfigurationName = Release;
		};
		900918512350AE3A00D32725 /* Build configuration list for PBXNativeTarget "CursoDevIOSUdemy" */ = {
			isa = XCConfigurationList;
			buildConfigurations = (
				900918522350AE3A00D32725 /* Debug */,
				900918532350AE3A00D32725 /* Release */,
			);
			defaultConfigurationIsVisible = 0;
			defaultConfigurationName = Release;
		};
/* End XCConfigurationList section */
	};
	rootObject = 900918352350AE3800D32725 /* Project object */;
}
